
Microsoft Visual Studio Solution File, Format Version 12.00
# Visual Studio Version 16
VisualStudioVersion = 16.0.29613.14
MinimumVisualStudioVersion = 10.0.40219.1
Project("{FAE04EC0-301F-11D3-BF4B-00C04F79EFBC}") = "Caesar cipher FORM", "Caesar cipher FORM\Caesar cipher FORM.csproj", "{EF79E037-27BB-48DC-A8C0-BEA4E3123446}"
EndProject
Global
	GlobalSection(SolutionConfigurationPlatforms) = preSolution
		Debug|Any CPU = Debug|Any CPU
		Release|Any CPU = Release|Any CPU
	EndGlobalSection
	GlobalSection(ProjectConfigurationPlatforms) = postSolution
		{EF79E037-27BB-48DC-A8C0-BEA4E3123446}.Debug|Any CPU.ActiveCfg = Debug|Any CPU
		{EF79E037-27BB-48DC-A8C0-BEA4E3123446}.Debug|Any CPU.Build.0 = Debug|Any CPU
		{EF79E037-27BB-48DC-A8C0-BEA4E3123446}.Release|Any CPU.ActiveCfg = Release|Any CPU
		{EF79E037-27BB-48DC-A8C0-BEA4E3123446}.Release|Any CPU.Build.0 = Release|Any CPU
	EndGlobalSection
	GlobalSection(SolutionProperties) = preSolution
		HideSolutionNode = FALSE
	EndGlobalSection
	GlobalSection(ExtensibilityGlobals) = postSolution
		SolutionGuid = {569A6C60-6359-4ED4-B96B-3280ABFC198F}
	EndGlobalSection
EndGlobal
