
Microsoft Visual Studio Solution File, Format Version 12.00
# Visual Studio Version 16
VisualStudioVersion = 16.0.29613.14
MinimumVisualStudioVersion = 10.0.40219.1
Project("{FAE04EC0-301F-11D3-BF4B-00C04F79EFBC}") = "DataSet APP FORM", "DataSet APP FORM\DataSet APP FORM.csproj", "{D63CC71A-08C4-4207-8DE8-1B8E6EC1A45E}"
EndProject
Global
	GlobalSection(SolutionConfigurationPlatforms) = preSolution
		Debug|Any CPU = Debug|Any CPU
		Release|Any CPU = Release|Any CPU
	EndGlobalSection
	GlobalSection(ProjectConfigurationPlatforms) = postSolution
		{D63CC71A-08C4-4207-8DE8-1B8E6EC1A45E}.Debug|Any CPU.ActiveCfg = Debug|Any CPU
		{D63CC71A-08C4-4207-8DE8-1B8E6EC1A45E}.Debug|Any CPU.Build.0 = Debug|Any CPU
		{D63CC71A-08C4-4207-8DE8-1B8E6EC1A45E}.Release|Any CPU.ActiveCfg = Release|Any CPU
		{D63CC71A-08C4-4207-8DE8-1B8E6EC1A45E}.Release|Any CPU.Build.0 = Release|Any CPU
	EndGlobalSection
	GlobalSection(SolutionProperties) = preSolution
		HideSolutionNode = FALSE
	EndGlobalSection
	GlobalSection(ExtensibilityGlobals) = postSolution
		SolutionGuid = {AA7A3B8F-1400-4213-B49C-FD7958BD6316}
	EndGlobalSection
EndGlobal
