
Microsoft Visual Studio Solution File, Format Version 12.00
# Visual Studio Version 16
VisualStudioVersion = 16.0.29613.14
MinimumVisualStudioVersion = 10.0.40219.1
Project("{FAE04EC0-301F-11D3-BF4B-00C04F79EFBC}") = "RSS APP FORM", "RSS APP FORM\RSS APP FORM.csproj", "{DFAD4F4B-C119-4933-A785-4717C5C713FE}"
EndProject
Global
	GlobalSection(SolutionConfigurationPlatforms) = preSolution
		Debug|Any CPU = Debug|Any CPU
		Release|Any CPU = Release|Any CPU
	EndGlobalSection
	GlobalSection(ProjectConfigurationPlatforms) = postSolution
		{DFAD4F4B-C119-4933-A785-4717C5C713FE}.Debug|Any CPU.ActiveCfg = Debug|Any CPU
		{DFAD4F4B-C119-4933-A785-4717C5C713FE}.Debug|Any CPU.Build.0 = Debug|Any CPU
		{DFAD4F4B-C119-4933-A785-4717C5C713FE}.Release|Any CPU.ActiveCfg = Release|Any CPU
		{DFAD4F4B-C119-4933-A785-4717C5C713FE}.Release|Any CPU.Build.0 = Release|Any CPU
	EndGlobalSection
	GlobalSection(SolutionProperties) = preSolution
		HideSolutionNode = FALSE
	EndGlobalSection
	GlobalSection(ExtensibilityGlobals) = postSolution
		SolutionGuid = {F35C9A35-9C2C-4FCB-ABCF-CD516C1152C4}
	EndGlobalSection
EndGlobal
