
Microsoft Visual Studio Solution File, Format Version 12.00
# Visual Studio Version 16
VisualStudioVersion = 16.0.30002.166
MinimumVisualStudioVersion = 10.0.40219.1
Project("{FAE04EC0-301F-11D3-BF4B-00C04F79EFBC}") = "FORM MEDIA PLAYER", "FORM MEDIA PLAYER\FORM MEDIA PLAYER.csproj", "{63B88F63-E5A2-428E-8CBB-DD36EAECA42E}"
EndProject
Global
	GlobalSection(SolutionConfigurationPlatforms) = preSolution
		Debug|Any CPU = Debug|Any CPU
		Release|Any CPU = Release|Any CPU
	EndGlobalSection
	GlobalSection(ProjectConfigurationPlatforms) = postSolution
		{63B88F63-E5A2-428E-8CBB-DD36EAECA42E}.Debug|Any CPU.ActiveCfg = Debug|Any CPU
		{63B88F63-E5A2-428E-8CBB-DD36EAECA42E}.Debug|Any CPU.Build.0 = Debug|Any CPU
		{63B88F63-E5A2-428E-8CBB-DD36EAECA42E}.Release|Any CPU.ActiveCfg = Release|Any CPU
		{63B88F63-E5A2-428E-8CBB-DD36EAECA42E}.Release|Any CPU.Build.0 = Release|Any CPU
	EndGlobalSection
	GlobalSection(SolutionProperties) = preSolution
		HideSolutionNode = FALSE
	EndGlobalSection
	GlobalSection(ExtensibilityGlobals) = postSolution
		SolutionGuid = {7BD9AF51-0EE8-4DE7-8BA6-9419210CDD57}
	EndGlobalSection
EndGlobal
