
Microsoft Visual Studio Solution File, Format Version 12.00
# Visual Studio Version 16
VisualStudioVersion = 16.0.29613.14
MinimumVisualStudioVersion = 10.0.40219.1
Project("{FAE04EC0-301F-11D3-BF4B-00C04F79EFBC}") = "SS APP FORM", "SS APP FORM\SS APP FORM.csproj", "{3AD5948E-707B-4C8C-8DA6-9DA56EBE915B}"
EndProject
Global
	GlobalSection(SolutionConfigurationPlatforms) = preSolution
		Debug|Any CPU = Debug|Any CPU
		Release|Any CPU = Release|Any CPU
	EndGlobalSection
	GlobalSection(ProjectConfigurationPlatforms) = postSolution
		{3AD5948E-707B-4C8C-8DA6-9DA56EBE915B}.Debug|Any CPU.ActiveCfg = Debug|Any CPU
		{3AD5948E-707B-4C8C-8DA6-9DA56EBE915B}.Debug|Any CPU.Build.0 = Debug|Any CPU
		{3AD5948E-707B-4C8C-8DA6-9DA56EBE915B}.Release|Any CPU.ActiveCfg = Release|Any CPU
		{3AD5948E-707B-4C8C-8DA6-9DA56EBE915B}.Release|Any CPU.Build.0 = Release|Any CPU
	EndGlobalSection
	GlobalSection(SolutionProperties) = preSolution
		HideSolutionNode = FALSE
	EndGlobalSection
	GlobalSection(ExtensibilityGlobals) = postSolution
		SolutionGuid = {7C67032B-A822-4077-AFE3-31DCC5313BE0}
	EndGlobalSection
EndGlobal
