
Microsoft Visual Studio Solution File, Format Version 12.00
# Visual Studio Version 16
VisualStudioVersion = 16.0.29613.14
MinimumVisualStudioVersion = 10.0.40219.1
Project("{FAE04EC0-301F-11D3-BF4B-00C04F79EFBC}") = "Alarm App Form", "Alarm App Form\Alarm App Form.csproj", "{DB918039-E098-47E4-85F9-B825483F78F0}"
EndProject
Global
	GlobalSection(SolutionConfigurationPlatforms) = preSolution
		Debug|Any CPU = Debug|Any CPU
		Release|Any CPU = Release|Any CPU
	EndGlobalSection
	GlobalSection(ProjectConfigurationPlatforms) = postSolution
		{DB918039-E098-47E4-85F9-B825483F78F0}.Debug|Any CPU.ActiveCfg = Debug|Any CPU
		{DB918039-E098-47E4-85F9-B825483F78F0}.Debug|Any CPU.Build.0 = Debug|Any CPU
		{DB918039-E098-47E4-85F9-B825483F78F0}.Release|Any CPU.ActiveCfg = Release|Any CPU
		{DB918039-E098-47E4-85F9-B825483F78F0}.Release|Any CPU.Build.0 = Release|Any CPU
	EndGlobalSection
	GlobalSection(SolutionProperties) = preSolution
		HideSolutionNode = FALSE
	EndGlobalSection
	GlobalSection(ExtensibilityGlobals) = postSolution
		SolutionGuid = {D14C6CEA-5176-41AB-A3DF-34800CCB0A71}
	EndGlobalSection
EndGlobal
